
Microsoft Visual Studio Solution File, Format Version 12.00
# Visual Studio Version 16
VisualStudioVersion = 16.0.30406.217
MinimumVisualStudioVersion = 10.0.40219.1
Project("{9A19103F-16F7-4668-BE54-9A1E7A4F7556}") = "nightclub", "nightclub\nightclub.csproj", "{276349D7-6BC0-4C5C-9D6B-C88615B3EDF8}"
EndProject
Project("{9A19103F-16F7-4668-BE54-9A1E7A4F7556}") = "sappy", "sappy\sappy.csproj", "{992E5275-6B8A-4D75-AC54-7388C62F2924}"
EndProject
Global
	GlobalSection(SolutionConfigurationPlatforms) = preSolution
		Debug|Any CPU = Debug|Any CPU
		Release|Any CPU = Release|Any CPU
	EndGlobalSection
	GlobalSection(ProjectConfigurationPlatforms) = postSolution
		{276349D7-6BC0-4C5C-9D6B-C88615B3EDF8}.Debug|Any CPU.ActiveCfg = Debug|Any CPU
		{276349D7-6BC0-4C5C-9D6B-C88615B3EDF8}.Debug|Any CPU.Build.0 = Debug|Any CPU
		{276349D7-6BC0-4C5C-9D6B-C88615B3EDF8}.Release|Any CPU.ActiveCfg = Release|Any CPU
		{276349D7-6BC0-4C5C-9D6B-C88615B3EDF8}.Release|Any CPU.Build.0 = Release|Any CPU
		{992E5275-6B8A-4D75-AC54-7388C62F2924}.Debug|Any CPU.ActiveCfg = Debug|Any CPU
		{992E5275-6B8A-4D75-AC54-7388C62F2924}.Debug|Any CPU.Build.0 = Debug|Any CPU
		{992E5275-6B8A-4D75-AC54-7388C62F2924}.Release|Any CPU.ActiveCfg = Release|Any CPU
		{992E5275-6B8A-4D75-AC54-7388C62F2924}.Release|Any CPU.Build.0 = Release|Any CPU
	EndGlobalSection
	GlobalSection(SolutionProperties) = preSolution
		HideSolutionNode = FALSE
	EndGlobalSection
	GlobalSection(ExtensibilityGlobals) = postSolution
		SolutionGuid = {C190F8BC-249E-425B-A029-CF490A881186}
	EndGlobalSection
EndGlobal
